// !$*UTF8*$!
{
	archiveVersion = 1;
	classes = {
	};
	objectVersion = 50;
	objects = {

/* Begin PBXBuildFile section */
		AA5E85FB213C80CC00E65549 /* AppDelegate.swift in Sources */ = {isa = PBXBuildFile; fileRef = AA5E85FA213C80CC00E65549 /* AppDelegate.swift */; };
		AA5E85FD213C80CC00E65549 /* ViewController.swift in Sources */ = {isa = PBXBuildFile; fileRef = AA5E85FC213C80CC00E65549 /* ViewController.swift */; };
		AA5E8600213C80CC00E65549 /* Main.storyboard in Resources */ = {isa = PBXBuildFile; fileRef = AA5E85FE213C80CC00E65549 /* Main.storyboard */; };
		AA5E8602213C80CD00E65549 /* Assets.xcassets in Resources */ = {isa = PBXBuildFile; fileRef = AA5E8601213C80CD00E65549 /* Assets.xcassets */; };
		AA5E8605213C80CD00E65549 /* LaunchScreen.storyboard in Resources */ = {isa = PBXBuildFile; fileRef = AA5E8603213C80CD00E65549 /* LaunchScreen.storyboard */; };
		AA5E8610213C80CD00E65549 /* W02_bujula_jayanthreddyTests.swift in Sources */ = {isa = PBXBuildFile; fileRef = AA5E860F213C80CD00E65549 /* W02_bujula_jayanthreddyTests.swift */; };
		AA5E861B213C80CD00E65549 /* W02_bujula_jayanthreddyUITests.swift in Sources */ = {isa = PBXBuildFile; fileRef = AA5E861A213C80CD00E65549 /* W02_bujula_jayanthreddyUITests.swift */; };
/* End PBXBuildFile section */

/* Begin PBXContainerItemProxy section */
		AA5E860C213C80CD00E65549 /* PBXContainerItemProxy */ = {
			isa = PBXContainerItemProxy;
			containerPortal = AA5E85EF213C80CC00E65549 /* Project object */;
			proxyType = 1;
			remoteGlobalIDString = AA5E85F6213C80CC00E65549;
			remoteInfo = W02_bujula_jayanthreddy;
		};
		AA5E8617213C80CD00E65549 /* PBXContainerItemProxy */ = {
			isa = PBXContainerItemProxy;
			containerPortal = AA5E85EF213C80CC00E65549 /* Project object */;
			proxyType = 1;
			remoteGlobalIDString = AA5E85F6213C80CC00E65549;
			remoteInfo = W02_bujula_jayanthreddy;
		};
/* End PBXContainerItemProxy section */

/* Begin PBXFileReference section */
		AA5E85F7213C80CC00E65549 /* W02_bujula_jayanthreddy.app */ = {isa = PBXFileReference; explicitFileType = wrapper.application; includeInIndex = 0; path = W02_bujula_jayanthreddy.app; sourceTree = BUILT_PRODUCTS_DIR; };
		AA5E85FA213C80CC00E65549 /* AppDelegate.swift */ = {isa = PBXFileReference; lastKnownFileType = sourcecode.swift; path = AppDelegate.swift; sourceTree = "<group>"; };
		AA5E85FC213C80CC00E65549 /* ViewController.swift */ = {isa = PBXFileReference; lastKnownFileType = sourcecode.swift; path = ViewController.swift; sourceTree = "<group>"; };
		AA5E85FF213C80CC00E65549 /* Base */ = {isa = PBXFileReference; lastKnownFileType = file.storyboard; name = Base; path = Base.lproj/Main.storyboard; sourceTree = "<group>"; };
		AA5E8601213C80CD00E65549 /* Assets.xcassets */ = {isa = PBXFileReference; lastKnownFileType = folder.assetcatalog; path = Assets.xcassets; sourceTree = "<group>"; };
		AA5E8604213C80CD00E65549 /* Base */ = {isa = PBXFileReference; lastKnownFileType = file.storyboard; name = Base; path = Base.lproj/LaunchScreen.storyboard; sourceTree = "<group>"; };
		AA5E8606213C80CD00E65549 /* Info.plist */ = {isa = PBXFileReference; lastKnownFileType = text.plist.xml; path = Info.plist; sourceTree = "<group>"; };
		AA5E860B213C80CD00E65549 /* W02_bujula_jayanthreddyTests.xctest */ = {isa = PBXFileReference; explicitFileType = wrapper.cfbundle; includeInIndex = 0; path = W02_bujula_jayanthreddyTests.xctest; sourceTree = BUILT_PRODUCTS_DIR; };
		AA5E860F213C80CD00E65549 /* W02_bujula_jayanthreddyTests.swift */ = {isa = PBXFileReference; lastKnownFileType = sourcecode.swift; path = W02_bujula_jayanthreddyTests.swift; sourceTree = "<group>"; };
		AA5E8611213C80CD00E65549 /* Info.plist */ = {isa = PBXFileReference; lastKnownFileType = text.plist.xml; path = Info.plist; sourceTree = "<group>"; };
		AA5E8616213C80CD00E65549 /* W02_bujula_jayanthreddyUITests.xctest */ = {isa = PBXFileReference; explicitFileType = wrapper.cfbundle; includeInIndex = 0; path = W02_bujula_jayanthreddyUITests.xctest; sourceTree = BUILT_PRODUCTS_DIR; };
		AA5E861A213C80CD00E65549 /* W02_bujula_jayanthreddyUITests.swift */ = {isa = PBXFileReference; lastKnownFileType = sourcecode.swift; path = W02_bujula_jayanthreddyUITests.swift; sourceTree = "<group>"; };
		AA5E861C213C80CD00E65549 /* Info.plist */ = {isa = PBXFileReference; lastKnownFileType = text.plist.xml; path = Info.plist; sourceTree = "<group>"; };
/* End PBXFileReference section */

/* Begin PBXFrameworksBuildPhase section */
		AA5E85F4213C80CC00E65549 /* Frameworks */ = {
			isa = PBXFrameworksBuildPhase;
			buildActionMask = 2147483647;
			files = (
			);
			runOnlyForDeploymentPostprocessing = 0;
		};
		AA5E8608213C80CD00E65549 /* Frameworks */ = {
			isa = PBXFrameworksBuildPhase;
			buildActionMask = 2147483647;
			files = (
			);
			runOnlyForDeploymentPostprocessing = 0;
		};
		AA5E8613213C80CD00E65549 /* Frameworks */ = {
			isa = PBXFrameworksBuildPhase;
			buildActionMask = 2147483647;
			files = (
			);
			runOnlyForDeploymentPostprocessing = 0;
		};
/* End PBXFrameworksBuildPhase section */

/* Begin PBXGroup section */
		AA5E85EE213C80CC00E65549 = {
			isa = PBXGroup;
			children = (
				AA5E85F9213C80CC00E65549 /* W02_bujula_jayanthreddy */,
				AA5E860E213C80CD00E65549 /* W02_bujula_jayanthreddyTests */,
				AA5E8619213C80CD00E65549 /* W02_bujula_jayanthreddyUITests */,
				AA5E85F8213C80CC00E65549 /* Products */,
			);
			sourceTree = "<group>";
		};
		AA5E85F8213C80CC00E65549 /* Products */ = {
			isa = PBXGroup;
			children = (
				AA5E85F7213C80CC00E65549 /* W02_bujula_jayanthreddy.app */,
				AA5E860B213C80CD00E65549 /* W02_bujula_jayanthreddyTests.xctest */,
				AA5E8616213C80CD00E65549 /* W02_bujula_jayanthreddyUITests.xctest */,
			);
			name = Products;
			sourceTree = "<group>";
		};
		AA5E85F9213C80CC00E65549 /* W02_bujula_jayanthreddy */ = {
			isa = PBXGroup;
			children = (
				AA5E85FA213C80CC00E65549 /* AppDelegate.swift */,
				AA5E85FC213C80CC00E65549 /* ViewController.swift */,
				AA5E85FE213C80CC00E65549 /* Main.storyboard */,
				AA5E8601213C80CD00E65549 /* Assets.xcassets */,
				AA5E8603213C80CD00E65549 /* LaunchScreen.storyboard */,
				AA5E8606213C80CD00E65549 /* Info.plist */,
			);
			path = W02_bujula_jayanthreddy;
			sourceTree = "<group>";
		};
		AA5E860E213C80CD00E65549 /* W02_bujula_jayanthreddyTests */ = {
			isa = PBXGroup;
			children = (
				AA5E860F213C80CD00E65549 /* W02_bujula_jayanthreddyTests.swift */,
				AA5E8611213C80CD00E65549 /* Info.plist */,
			);
			path = W02_bujula_jayanthreddyTests;
			sourceTree = "<group>";
		};
		AA5E8619213C80CD00E65549 /* W02_bujula_jayanthreddyUITests */ = {
			isa = PBXGroup;
			children = (
				AA5E861A213C80CD00E65549 /* W02_bujula_jayanthreddyUITests.swift */,
				AA5E861C213C80CD00E65549 /* Info.plist */,
			);
			path = W02_bujula_jayanthreddyUITests;
			sourceTree = "<group>";
		};
/* End PBXGroup section */

/* Begin PBXNativeTarget section */
		AA5E85F6213C80CC00E65549 /* W02_bujula_jayanthreddy */ = {
			isa = PBXNativeTarget;
			buildConfigurationList = AA5E861F213C80CD00E65549 /* Build configuration list for PBXNativeTarget "W02_bujula_jayanthreddy" */;
			buildPhases = (
				AA5E85F3213C80CC00E65549 /* Sources */,
				AA5E85F4213C80CC00E65549 /* Frameworks */,
				AA5E85F5213C80CC00E65549 /* Resources */,
			);
			buildRules = (
			);
			dependencies = (
			);
			name = W02_bujula_jayanthreddy;
			productName = W02_bujula_jayanthreddy;
			productReference = AA5E85F7213C80CC00E65549 /* W02_bujula_jayanthreddy.app */;
			productType = "com.apple.product-type.application";
		};
		AA5E860A213C80CD00E65549 /* W02_bujula_jayanthreddyTests */ = {
			isa = PBXNativeTarget;
			buildConfigurationList = AA5E8622213C80CD00E65549 /* Build configuration list for PBXNativeTarget "W02_bujula_jayanthreddyTests" */;
			buildPhases = (
				AA5E8607213C80CD00E65549 /* Sources */,
				AA5E8608213C80CD00E65549 /* Frameworks */,
				AA5E8609213C80CD00E65549 /* Resources */,
			);
			buildRules = (
			);
			dependencies = (
				AA5E860D213C80CD00E65549 /* PBXTargetDependency */,
			);
			name = W02_bujula_jayanthreddyTests;
			productName = W02_bujula_jayanthreddyTests;
			productReference = AA5E860B213C80CD00E65549 /* W02_bujula_jayanthreddyTests.xctest */;
			productType = "com.apple.product-type.bundle.unit-test";
		};
		AA5E8615213C80CD00E65549 /* W02_bujula_jayanthreddyUITests */ = {
			isa = PBXNativeTarget;
			buildConfigurationList = AA5E8625213C80CD00E65549 /* Build configuration list for PBXNativeTarget "W02_bujula_jayanthreddyUITests" */;
			buildPhases = (
				AA5E8612213C80CD00E65549 /* Sources */,
				AA5E8613213C80CD00E65549 /* Frameworks */,
				AA5E8614213C80CD00E65549 /* Resources */,
			);
			buildRules = (
			);
			dependencies = (
				AA5E8618213C80CD00E65549 /* PBXTargetDependency */,
			);
			name = W02_bujula_jayanthreddyUITests;
			productName = W02_bujula_jayanthreddyUITests;
			productReference = AA5E8616213C80CD00E65549 /* W02_bujula_jayanthreddyUITests.xctest */;
			productType = "com.apple.product-type.bundle.ui-testing";
		};
/* End PBXNativeTarget section */

/* Begin PBXProject section */
		AA5E85EF213C80CC00E65549 /* Project object */ = {
			isa = PBXProject;
			attributes = {
				LastSwiftUpdateCheck = 1000;
				LastUpgradeCheck = 1000;
				ORGANIZATIONNAME = com.jayanth.bujula;
				TargetAttributes = {
					AA5E85F6213C80CC00E65549 = {
						CreatedOnToolsVersion = 10.0;
					};
					AA5E860A213C80CD00E65549 = {
						CreatedOnToolsVersion = 10.0;
						TestTargetID = AA5E85F6213C80CC00E65549;
					};
					AA5E8615213C80CD00E65549 = {
						CreatedOnToolsVersion = 10.0;
						TestTargetID = AA5E85F6213C80CC00E65549;
					};
				};
			};
			buildConfigurationList = AA5E85F2213C80CC00E65549 /* Build configuration list for PBXProject "W02_bujula_jayanthreddy" */;
			compatibilityVersion = "Xcode 9.3";
			developmentRegion = en;
			hasScannedForEncodings = 0;
			knownRegions = (
				en,
				Base,
			);
			mainGroup = AA5E85EE213C80CC00E65549;
			productRefGroup = AA5E85F8213C80CC00E65549 /* Products */;
			projectDirPath = "";
			projectRoot = "";
			targets = (
				AA5E85F6213C80CC00E65549 /* W02_bujula_jayanthreddy */,
				AA5E860A213C80CD00E65549 /* W02_bujula_jayanthreddyTests */,
				AA5E8615213C80CD00E65549 /* W02_bujula_jayanthreddyUITests */,
			);
		};
/* End PBXProject section */

/* Begin PBXResourcesBuildPhase section */
		AA5E85F5213C80CC00E65549 /* Resources */ = {
			isa = PBXResourcesBuildPhase;
			buildActionMask = 2147483647;
			files = (
				AA5E8605213C80CD00E65549 /* LaunchScreen.storyboard in Resources */,
				AA5E8602213C80CD00E65549 /* Assets.xcassets in Resources */,
				AA5E8600213C80CC00E65549 /* Main.storyboard in Resources */,
			);
			runOnlyForDeploymentPostprocessing = 0;
		};
		AA5E8609213C80CD00E65549 /* Resources */ = {
			isa = PBXResourcesBuildPhase;
			buildActionMask = 2147483647;
			files = (
			);
			runOnlyForDeploymentPostprocessing = 0;
		};
		AA5E8614213C80CD00E65549 /* Resources */ = {
			isa = PBXResourcesBuildPhase;
			buildActionMask = 2147483647;
			files = (
			);
			runOnlyForDeploymentPostprocessing = 0;
		};
/* End PBXResourcesBuildPhase section */

/* Begin PBXSourcesBuildPhase section */
		AA5E85F3213C80CC00E65549 /* Sources */ = {
			isa = PBXSourcesBuildPhase;
			buildActionMask = 2147483647;
			files = (
				AA5E85FD213C80CC00E65549 /* ViewController.swift in Sources */,
				AA5E85FB213C80CC00E65549 /* AppDelegate.swift in Sources */,
			);
			runOnlyForDeploymentPostprocessing = 0;
		};
		AA5E8607213C80CD00E65549 /* Sources */ = {
			isa = PBXSourcesBuildPhase;
			buildActionMask = 2147483647;
			files = (
				AA5E8610213C80CD00E65549 /* W02_bujula_jayanthreddyTests.swift in Sources */,
			);
			runOnlyForDeploymentPostprocessing = 0;
		};
		AA5E8612213C80CD00E65549 /* Sources */ = {
			isa = PBXSourcesBuildPhase;
			buildActionMask = 2147483647;
			files = (
				AA5E861B213C80CD00E65549 /* W02_bujula_jayanthreddyUITests.swift in Sources */,
			);
			runOnlyForDeploymentPostprocessing = 0;
		};
/* End PBXSourcesBuildPhase section */

/* Begin PBXTargetDependency section */
		AA5E860D213C80CD00E65549 /* PBXTargetDependency */ = {
			isa = PBXTargetDependency;
			target = AA5E85F6213C80CC00E65549 /* W02_bujula_jayanthreddy */;
			targetProxy = AA5E860C213C80CD00E65549 /* PBXContainerItemProxy */;
		};
		AA5E8618213C80CD00E65549 /* PBXTargetDependency */ = {
			isa = PBXTargetDependency;
			target = AA5E85F6213C80CC00E65549 /* W02_bujula_jayanthreddy */;
			targetProxy = AA5E8617213C80CD00E65549 /* PBXContainerItemProxy */;
		};
/* End PBXTargetDependency section */

/* Begin PBXVariantGroup section */
		AA5E85FE213C80CC00E65549 /* Main.storyboard */ = {
			isa = PBXVariantGroup;
			children = (
				AA5E85FF213C80CC00E65549 /* Base */,
			);
			name = Main.storyboard;
			sourceTree = "<group>";
		};
		AA5E8603213C80CD00E65549 /* LaunchScreen.storyboard */ = {
			isa = PBXVariantGroup;
			children = (
				AA5E8604213C80CD00E65549 /* Base */,
			);
			name = LaunchScreen.storyboard;
			sourceTree = "<group>";
		};
/* End PBXVariantGroup section */

/* Begin XCBuildConfiguration section */
		AA5E861D213C80CD00E65549 /* Debug */ = {
			isa = XCBuildConfiguration;
			buildSettings = {
				ALWAYS_SEARCH_USER_PATHS = NO;
				CLANG_ANALYZER_NONNULL = YES;
				CLANG_ANALYZER_NUMBER_OBJECT_CONVERSION = YES_AGGRESSIVE;
				CLANG_CXX_LANGUAGE_STANDARD = "gnu++14";
				CLANG_CXX_LIBRARY = "libc++";
				CLANG_ENABLE_MODULES = YES;
				CLANG_ENABLE_OBJC_ARC = YES;
				CLANG_ENABLE_OBJC_WEAK = YES;
				CLANG_WARN_BLOCK_CAPTURE_AUTORELEASING = YES;
				CLANG_WARN_BOOL_CONVERSION = YES;
				CLANG_WARN_COMMA = YES;
				CLANG_WARN_CONSTANT_CONVERSION = YES;
				CLANG_WARN_DEPRECATED_OBJC_IMPLEMENTATIONS = YES;
				CLANG_WARN_DIRECT_OBJC_ISA_USAGE = YES_ERROR;
				CLANG_WARN_DOCUMENTATION_COMMENTS = YES;
				CLANG_WARN_EMPTY_BODY = YES;
				CLANG_WARN_ENUM_CONVERSION = YES;
				CLANG_WARN_INFINITE_RECURSION = YES;
				CLANG_WARN_INT_CONVERSION = YES;
				CLANG_WARN_NON_LITERAL_NULL_CONVERSION = YES;
				CLANG_WARN_OBJC_IMPLICIT_RETAIN_SELF = YES;
				CLANG_WARN_OBJC_LITERAL_CONVERSION = YES;
				CLANG_WARN_OBJC_ROOT_CLASS = YES_ERROR;
				CLANG_WARN_RANGE_LOOP_ANALYSIS = YES;
				CLANG_WARN_STRICT_PROTOTYPES = YES;
				CLANG_WARN_SUSPICIOUS_MOVE = YES;
				CLANG_WARN_UNGUARDED_AVAILABILITY = YES_AGGRESSIVE;
				CLANG_WARN_UNREACHABLE_CODE = YES;
				CLANG_WARN__DUPLICATE_METHOD_MATCH = YES;
				CODE_SIGN_IDENTITY = "iPhone Developer";
				COPY_PHASE_STRIP = NO;
				DEBUG_INFORMATION_FORMAT = dwarf;
				ENABLE_STRICT_OBJC_MSGSEND = YES;
				ENABLE_TESTABILITY = YES;
				GCC_C_LANGUAGE_STANDARD = gnu11;
				GCC_DYNAMIC_NO_PIC = NO;
				GCC_NO_COMMON_BLOCKS = YES;
				GCC_OPTIMIZATION_LEVEL = 0;
				GCC_PREPROCESSOR_DEFINITIONS = (
					"DEBUG=1",
					"$(inherited)",
				);
				GCC_WARN_64_TO_32_BIT_CONVERSION = YES;
				GCC_WARN_ABOUT_RETURN_TYPE = YES_ERROR;
				GCC_WARN_UNDECLARED_SELECTOR = YES;
				GCC_WARN_UNINITIALIZED_AUTOS = YES_AGGRESSIVE;
				GCC_WARN_UNUSED_FUNCTION = YES;
				GCC_WARN_UNUSED_VARIABLE = YES;
				IPHONEOS_DEPLOYMENT_TARGET = 12.0;
				MTL_ENABLE_DEBUG_INFO = INCLUDE_SOURCE;
				MTL_FAST_MATH = YES;
				ONLY_ACTIVE_ARCH = YES;
				SDKROOT = iphoneos;
				SWIFT_ACTIVE_COMPILATION_CONDITIONS = DEBUG;
				SWIFT_OPTIMIZATION_LEVEL = "-Onone";
			};
			name = Debug;
		};
		AA5E861E213C80CD00E65549 /* Release */ = {
			isa = XCBuildConfiguration;
			buildSettings = {
				ALWAYS_SEARCH_USER_PATHS = NO;
				CLANG_ANALYZER_NONNULL = YES;
				CLANG_ANALYZER_NUMBER_OBJECT_CONVERSION = YES_AGGRESSIVE;
				CLANG_CXX_LANGUAGE_STANDARD = "gnu++14";
				CLANG_CXX_LIBRARY = "libc++";
				CLANG_ENABLE_MODULES = YES;
				CLANG_ENABLE_OBJC_ARC = YES;
				CLANG_ENABLE_OBJC_WEAK = YES;
				CLANG_WARN_BLOCK_CAPTURE_AUTORELEASING = YES;
				CLANG_WARN_BOOL_CONVERSION = YES;
				CLANG_WARN_COMMA = YES;
				CLANG_WARN_CONSTANT_CONVERSION = YES;
				CLANG_WARN_DEPRECATED_OBJC_IMPLEMENTATIONS = YES;
				CLANG_WARN_DIRECT_OBJC_ISA_USAGE = YES_ERROR;
				CLANG_WARN_DOCUMENTATION_COMMENTS = YES;
				CLANG_WARN_EMPTY_BODY = YES;
				CLANG_WARN_ENUM_CONVERSION = YES;
				CLANG_WARN_INFINITE_RECURSION = YES;
				CLANG_WARN_INT_CONVERSION = YES;
				CLANG_WARN_NON_LITERAL_NULL_CONVERSION = YES;
				CLANG_WARN_OBJC_IMPLICIT_RETAIN_SELF = YES;
				CLANG_WARN_OBJC_LITERAL_CONVERSION = YES;
				CLANG_WARN_OBJC_ROOT_CLASS = YES_ERROR;
				CLANG_WARN_RANGE_LOOP_ANALYSIS = YES;
				CLANG_WARN_STRICT_PROTOTYPES = YES;
				CLANG_WARN_SUSPICIOUS_MOVE = YES;
				CLANG_WARN_UNGUARDED_AVAILABILITY = YES_AGGRESSIVE;
				CLANG_WARN_UNREACHABLE_CODE = YES;
				CLANG_WARN__DUPLICATE_METHOD_MATCH = YES;
				CODE_SIGN_IDENTITY = "iPhone Developer";
				COPY_PHASE_STRIP = NO;
				DEBUG_INFORMATION_FORMAT = "dwarf-with-dsym";
				ENABLE_NS_ASSERTIONS = NO;
				ENABLE_STRICT_OBJC_MSGSEND = YES;
				GCC_C_LANGUAGE_STANDARD = gnu11;
				GCC_NO_COMMON_BLOCKS = YES;
				GCC_WARN_64_TO_32_BIT_CONVERSION = YES;
				GCC_WARN_ABOUT_RETURN_TYPE = YES_ERROR;
				GCC_WARN_UNDECLARED_SELECTOR = YES;
				GCC_WARN_UNINITIALIZED_AUTOS = YES_AGGRESSIVE;
				GCC_WARN_UNUSED_FUNCTION = YES;
				GCC_WARN_UNUSED_VARIABLE = YES;
				IPHONEOS_DEPLOYMENT_TARGET = 12.0;
				MTL_ENABLE_DEBUG_INFO = NO;
				MTL_FAST_MATH = YES;
				SDKROOT = iphoneos;
				SWIFT_COMPILATION_MODE = wholemodule;
				SWIFT_OPTIMIZATION_LEVEL = "-O";
				VALIDATE_PRODUCT = YES;
			};
			name = Release;
		};
		AA5E8620213C80CD00E65549 /* Debug */ = {
			isa = XCBuildConfiguration;
			buildSettings = {
				ASSETCATALOG_COMPILER_APPICON_NAME = AppIcon;
				CODE_SIGN_STYLE = Automatic;
				INFOPLIST_FILE = W02_bujula_jayanthreddy/Info.plist;
				LD_RUNPATH_SEARCH_PATHS = (
					"$(inherited)",
					"@executable_path/Frameworks",
				);
				PRODUCT_BUNDLE_IDENTIFIER = "MAD.W02-bujula-jayanthreddy";
				PRODUCT_NAME = "$(TARGET_NAME)";
				SWIFT_VERSION = 4.2;
				TARGETED_DEVICE_FAMILY = "1,2";
			};
			name = Debug;
		};
		AA5E8621213C80CD00E65549 /* Release */ = {
			isa = XCBuildConfiguration;
			buildSettings = {
				ASSETCATALOG_COMPILER_APPICON_NAME = AppIcon;
				CODE_SIGN_STYLE = Automatic;
				INFOPLIST_FILE = W02_bujula_jayanthreddy/Info.plist;
				LD_RUNPATH_SEARCH_PATHS = (
					"$(inherited)",
					"@executable_path/Frameworks",
				);
				PRODUCT_BUNDLE_IDENTIFIER = "MAD.W02-bujula-jayanthreddy";
				PRODUCT_NAME = "$(TARGET_NAME)";
				SWIFT_VERSION = 4.2;
				TARGETED_DEVICE_FAMILY = "1,2";
			};
			name = Release;
		};
		AA5E8623213C80CD00E65549 /* Debug */ = {
			isa = XCBuildConfiguration;
			buildSettings = {
				ALWAYS_EMBED_SWIFT_STANDARD_LIBRARIES = YES;
				BUNDLE_LOADER = "$(TEST_HOST)";
				CODE_SIGN_STYLE = Automatic;
				INFOPLIST_FILE = W02_bujula_jayanthreddyTests/Info.plist;
				LD_RUNPATH_SEARCH_PATHS = (
					"$(inherited)",
					"@executable_path/Frameworks",
					"@loader_path/Frameworks",
				);
				PRODUCT_BUNDLE_IDENTIFIER = "MAD.W02-bujula-jayanthreddyTests";
				PRODUCT_NAME = "$(TARGET_NAME)";
				SWIFT_VERSION = 4.2;
				TARGETED_DEVICE_FAMILY = "1,2";
				TEST_HOST = "$(BUILT_PRODUCTS_DIR)/W02_bujula_jayanthreddy.app/W02_bujula_jayanthreddy";
			};
			name = Debug;
		};
		AA5E8624213C80CD00E65549 /* Release */ = {
			isa = XCBuildConfiguration;
			buildSettings = {
				ALWAYS_EMBED_SWIFT_STANDARD_LIBRARIES = YES;
				BUNDLE_LOADER = "$(TEST_HOST)";
				CODE_SIGN_STYLE = Automatic;
				INFOPLIST_FILE = W02_bujula_jayanthreddyTests/Info.plist;
				LD_RUNPATH_SEARCH_PATHS = (
					"$(inherited)",
					"@executable_path/Frameworks",
					"@loader_path/Frameworks",
				);
				PRODUCT_BUNDLE_IDENTIFIER = "MAD.W02-bujula-jayanthreddyTests";
				PRODUCT_NAME = "$(TARGET_NAME)";
				SWIFT_VERSION = 4.2;
				TARGETED_DEVICE_FAMILY = "1,2";
				TEST_HOST = "$(BUILT_PRODUCTS_DIR)/W02_bujula_jayanthreddy.app/W02_bujula_jayanthreddy";
			};
			name = Release;
		};
		AA5E8626213C80CD00E65549 /* Debug */ = {
			isa = XCBuildConfiguration;
			buildSettings = {
				ALWAYS_EMBED_SWIFT_STANDARD_LIBRARIES = YES;
				CODE_SIGN_STYLE = Automatic;
				INFOPLIST_FILE = W02_bujula_jayanthreddyUITests/Info.plist;
				LD_RUNPATH_SEARCH_PATHS = (
					"$(inherited)",
					"@executable_path/Frameworks",
					"@loader_path/Frameworks",
				);
				PRODUCT_BUNDLE_IDENTIFIER = "MAD.W02-bujula-jayanthreddyUITests";
				PRODUCT_NAME = "$(TARGET_NAME)";
				SWIFT_VERSION = 4.2;
				TARGETED_DEVICE_FAMILY = "1,2";
				TEST_TARGET_NAME = W02_bujula_jayanthreddy;
			};
			name = Debug;
		};
		AA5E8627213C80CD00E65549 /* Release */ = {
			isa = XCBuildConfiguration;
			buildSettings = {
				ALWAYS_EMBED_SWIFT_STANDARD_LIBRARIES = YES;
				CODE_SIGN_STYLE = Automatic;
				INFOPLIST_FILE = W02_bujula_jayanthreddyUITests/Info.plist;
				LD_RUNPATH_SEARCH_PATHS = (
					"$(inherited)",
					"@executable_path/Frameworks",
					"@loader_path/Frameworks",
				);
				PRODUCT_BUNDLE_IDENTIFIER = "MAD.W02-bujula-jayanthreddyUITests";
				PRODUCT_NAME = "$(TARGET_NAME)";
				SWIFT_VERSION = 4.2;
				TARGETED_DEVICE_FAMILY = "1,2";
				TEST_TARGET_NAME = W02_bujula_jayanthreddy;
			};
			name = Release;
		};
/* End XCBuildConfiguration section */

/* Begin XCConfigurationList section */
		AA5E85F2213C80CC00E65549 /* Build configuration list for PBXProject "W02_bujula_jayanthreddy" */ = {
			isa = XCConfigurationList;
			buildConfigurations = (
				AA5E861D213C80CD00E65549 /* Debug */,
				AA5E861E213C80CD00E65549 /* Release */,
			);
			defaultConfigurationIsVisible = 0;
			defaultConfigurationName = Release;
		};
		AA5E861F213C80CD00E65549 /* Build configuration list for PBXNativeTarget "W02_bujula_jayanthreddy" */ = {
			isa = XCConfigurationList;
			buildConfigurations = (
				AA5E8620213C80CD00E65549 /* Debug */,
				AA5E8621213C80CD00E65549 /* Release */,
			);
			defaultConfigurationIsVisible = 0;
			defaultConfigurationName = Release;
		};
		AA5E8622213C80CD00E65549 /* Build configuration list for PBXNativeTarget "W02_bujula_jayanthreddyTests" */ = {
			isa = XCConfigurationList;
			buildConfigurations = (
				AA5E8623213C80CD00E65549 /* Debug */,
				AA5E8624213C80CD00E65549 /* Release */,
			);
			defaultConfigurationIsVisible = 0;
			defaultConfigurationName = Release;
		};
		AA5E8625213C80CD00E65549 /* Build configuration list for PBXNativeTarget "W02_bujula_jayanthreddyUITests" */ = {
			isa = XCConfigurationList;
			buildConfigurations = (
				AA5E8626213C80CD00E65549 /* Debug */,
				AA5E8627213C80CD00E65549 /* Release */,
			);
			defaultConfigurationIsVisible = 0;
			defaultConfigurationName = Release;
		};
/* End XCConfigurationList section */
	};
	rootObject = AA5E85EF213C80CC00E65549 /* Project object */;
}
